
Microsoft Visual Studio Solution File, Format Version 12.00
# Visual Studio Version 17
VisualStudioVersion = 17.6.33815.320
MinimumVisualStudioVersion = 10.0.40219.1
Project("{FAE04EC0-301F-11D3-BF4B-00C04F79EFBC}") = "EnthusiaVolumeFS", "EnthusiaVolumeFS\EnthusiaVolumeFS.csproj", "{D1997683-4EE0-4AF5-AE5D-2027F532F8C2}"
EndProject
Global
	GlobalSection(SolutionConfigurationPlatforms) = preSolution
		Debug|Any CPU = Debug|Any CPU
		Release|Any CPU = Release|Any CPU
	EndGlobalSection
	GlobalSection(ProjectConfigurationPlatforms) = postSolution
		{D1997683-4EE0-4AF5-AE5D-2027F532F8C2}.Debug|Any CPU.ActiveCfg = Debug|Any CPU
		{D1997683-4EE0-4AF5-AE5D-2027F532F8C2}.Debug|Any CPU.Build.0 = Debug|Any CPU
		{D1997683-4EE0-4AF5-AE5D-2027F532F8C2}.Release|Any CPU.ActiveCfg = Release|Any CPU
		{D1997683-4EE0-4AF5-AE5D-2027F532F8C2}.Release|Any CPU.Build.0 = Release|Any CPU
	EndGlobalSection
	GlobalSection(SolutionProperties) = preSolution
		HideSolutionNode = FALSE
	EndGlobalSection
	GlobalSection(ExtensibilityGlobals) = postSolution
		SolutionGuid = {A3151178-3CC3-4981-A7F8-C3AD1F2D0C9C}
	EndGlobalSection
EndGlobal
